
Microsoft Visual Studio Solution File, Format Version 12.00
# Visual Studio 2012
Project("{FAE04EC0-301F-11D3-BF4B-00C04F79EFBC}") = "Interest Calculator", "Interest Calculator\Interest Calculator.csproj", "{166B0D40-EB1C-483F-8686-A0863E3D13E2}"
EndProject
Project("{FAE04EC0-301F-11D3-BF4B-00C04F79EFBC}") = "Asynchronous Timer", "Asynchronous Timer\Asynchronous Timer.csproj", "{345235E3-828C-4177-8BB7-6A3AC86190EB}"
EndProject
Project("{FAE04EC0-301F-11D3-BF4B-00C04F79EFBC}") = "Student", "Student\Student.csproj", "{7D8F2084-EB70-42F5-8326-655ACD986AE2}"
EndProject
Global
	GlobalSection(SolutionConfigurationPlatforms) = preSolution
		Debug|Any CPU = Debug|Any CPU
		Release|Any CPU = Release|Any CPU
	EndGlobalSection
	GlobalSection(ProjectConfigurationPlatforms) = postSolution
		{166B0D40-EB1C-483F-8686-A0863E3D13E2}.Debug|Any CPU.ActiveCfg = Debug|Any CPU
		{166B0D40-EB1C-483F-8686-A0863E3D13E2}.Debug|Any CPU.Build.0 = Debug|Any CPU
		{166B0D40-EB1C-483F-8686-A0863E3D13E2}.Release|Any CPU.ActiveCfg = Release|Any CPU
		{166B0D40-EB1C-483F-8686-A0863E3D13E2}.Release|Any CPU.Build.0 = Release|Any CPU
		{345235E3-828C-4177-8BB7-6A3AC86190EB}.Debug|Any CPU.ActiveCfg = Debug|Any CPU
		{345235E3-828C-4177-8BB7-6A3AC86190EB}.Debug|Any CPU.Build.0 = Debug|Any CPU
		{345235E3-828C-4177-8BB7-6A3AC86190EB}.Release|Any CPU.ActiveCfg = Release|Any CPU
		{345235E3-828C-4177-8BB7-6A3AC86190EB}.Release|Any CPU.Build.0 = Release|Any CPU
		{7D8F2084-EB70-42F5-8326-655ACD986AE2}.Debug|Any CPU.ActiveCfg = Debug|Any CPU
		{7D8F2084-EB70-42F5-8326-655ACD986AE2}.Debug|Any CPU.Build.0 = Debug|Any CPU
		{7D8F2084-EB70-42F5-8326-655ACD986AE2}.Release|Any CPU.ActiveCfg = Release|Any CPU
		{7D8F2084-EB70-42F5-8326-655ACD986AE2}.Release|Any CPU.Build.0 = Release|Any CPU
	EndGlobalSection
	GlobalSection(SolutionProperties) = preSolution
		HideSolutionNode = FALSE
	EndGlobalSection
EndGlobal
