
Microsoft Visual Studio Solution File, Format Version 12.00
# Visual Studio 2012
Project("{FAE04EC0-301F-11D3-BF4B-00C04F79EFBC}") = "Customer", "Customer\Customer.csproj", "{ADB2B012-1073-4C35-A835-9686AA404B39}"
EndProject
Project("{FAE04EC0-301F-11D3-BF4B-00C04F79EFBC}") = "Custom Tree", "Custom Tree\Custom Tree.csproj", "{D14935C6-C876-4481-B232-94218B763587}"
EndProject
Global
	GlobalSection(SolutionConfigurationPlatforms) = preSolution
		Debug|Any CPU = Debug|Any CPU
		Release|Any CPU = Release|Any CPU
	EndGlobalSection
	GlobalSection(ProjectConfigurationPlatforms) = postSolution
		{ADB2B012-1073-4C35-A835-9686AA404B39}.Debug|Any CPU.ActiveCfg = Debug|Any CPU
		{ADB2B012-1073-4C35-A835-9686AA404B39}.Debug|Any CPU.Build.0 = Debug|Any CPU
		{ADB2B012-1073-4C35-A835-9686AA404B39}.Release|Any CPU.ActiveCfg = Release|Any CPU
		{ADB2B012-1073-4C35-A835-9686AA404B39}.Release|Any CPU.Build.0 = Release|Any CPU
		{D14935C6-C876-4481-B232-94218B763587}.Debug|Any CPU.ActiveCfg = Debug|Any CPU
		{D14935C6-C876-4481-B232-94218B763587}.Debug|Any CPU.Build.0 = Debug|Any CPU
		{D14935C6-C876-4481-B232-94218B763587}.Release|Any CPU.ActiveCfg = Release|Any CPU
		{D14935C6-C876-4481-B232-94218B763587}.Release|Any CPU.Build.0 = Release|Any CPU
	EndGlobalSection
	GlobalSection(SolutionProperties) = preSolution
		HideSolutionNode = FALSE
	EndGlobalSection
EndGlobal
