
Microsoft Visual Studio Solution File, Format Version 12.00
# Visual Studio 2013
VisualStudioVersion = 12.0.21005.1
MinimumVisualStudioVersion = 10.0.40219.1
Project("{FAE04EC0-301F-11D3-BF4B-00C04F79EFBC}") = "MountainsCodeFirst", "MountainsCodeFirst\MountainsCodeFirst.csproj", "{F1BBAF34-5930-46CA-85BC-3EF9FEC9EEBA}"
EndProject
Project("{FAE04EC0-301F-11D3-BF4B-00C04F79EFBC}") = "ImportMountainsAndPeaksFromJson", "ImportMountainsAndPeaksFromJson\ImportMountainsAndPeaksFromJson.csproj", "{C3EB2EA2-950F-42C7-ACF5-F230EFA75CE7}"
EndProject
Global
	GlobalSection(SolutionConfigurationPlatforms) = preSolution
		Debug|Any CPU = Debug|Any CPU
		Release|Any CPU = Release|Any CPU
	EndGlobalSection
	GlobalSection(ProjectConfigurationPlatforms) = postSolution
		{F1BBAF34-5930-46CA-85BC-3EF9FEC9EEBA}.Debug|Any CPU.ActiveCfg = Debug|Any CPU
		{F1BBAF34-5930-46CA-85BC-3EF9FEC9EEBA}.Debug|Any CPU.Build.0 = Debug|Any CPU
		{F1BBAF34-5930-46CA-85BC-3EF9FEC9EEBA}.Release|Any CPU.ActiveCfg = Release|Any CPU
		{F1BBAF34-5930-46CA-85BC-3EF9FEC9EEBA}.Release|Any CPU.Build.0 = Release|Any CPU
		{C3EB2EA2-950F-42C7-ACF5-F230EFA75CE7}.Debug|Any CPU.ActiveCfg = Debug|Any CPU
		{C3EB2EA2-950F-42C7-ACF5-F230EFA75CE7}.Debug|Any CPU.Build.0 = Debug|Any CPU
		{C3EB2EA2-950F-42C7-ACF5-F230EFA75CE7}.Release|Any CPU.ActiveCfg = Release|Any CPU
		{C3EB2EA2-950F-42C7-ACF5-F230EFA75CE7}.Release|Any CPU.Build.0 = Release|Any CPU
	EndGlobalSection
	GlobalSection(SolutionProperties) = preSolution
		HideSolutionNode = FALSE
	EndGlobalSection
EndGlobal
