
Microsoft Visual Studio Solution File, Format Version 12.00
# Visual Studio 2013
VisualStudioVersion = 12.0.21005.1
MinimumVisualStudioVersion = 10.0.40219.1
Project("{FAE04EC0-301F-11D3-BF4B-00C04F79EFBC}") = "ATM.Console.Widraw", "ATM.Console.Widraw\ATM.Console.Widraw.csproj", "{1905E530-70C4-4188-92DA-C5BF84D190C5}"
EndProject
Project("{FAE04EC0-301F-11D3-BF4B-00C04F79EFBC}") = "ATM.Data", "ATM.Data\ATM.Data.csproj", "{382EC6F0-00BE-4DD5-B237-D64342837EE0}"
EndProject
Global
	GlobalSection(SolutionConfigurationPlatforms) = preSolution
		Debug|Any CPU = Debug|Any CPU
		Release|Any CPU = Release|Any CPU
	EndGlobalSection
	GlobalSection(ProjectConfigurationPlatforms) = postSolution
		{1905E530-70C4-4188-92DA-C5BF84D190C5}.Debug|Any CPU.ActiveCfg = Debug|Any CPU
		{1905E530-70C4-4188-92DA-C5BF84D190C5}.Debug|Any CPU.Build.0 = Debug|Any CPU
		{1905E530-70C4-4188-92DA-C5BF84D190C5}.Release|Any CPU.ActiveCfg = Release|Any CPU
		{1905E530-70C4-4188-92DA-C5BF84D190C5}.Release|Any CPU.Build.0 = Release|Any CPU
		{382EC6F0-00BE-4DD5-B237-D64342837EE0}.Debug|Any CPU.ActiveCfg = Debug|Any CPU
		{382EC6F0-00BE-4DD5-B237-D64342837EE0}.Debug|Any CPU.Build.0 = Debug|Any CPU
		{382EC6F0-00BE-4DD5-B237-D64342837EE0}.Release|Any CPU.ActiveCfg = Release|Any CPU
		{382EC6F0-00BE-4DD5-B237-D64342837EE0}.Release|Any CPU.Build.0 = Release|Any CPU
	EndGlobalSection
	GlobalSection(SolutionProperties) = preSolution
		HideSolutionNode = FALSE
	EndGlobalSection
EndGlobal
