
Microsoft Visual Studio Solution File, Format Version 12.00
# Visual Studio 2013
VisualStudioVersion = 12.0.31101.0
MinimumVisualStudioVersion = 10.0.40219.1
Project("{FAE04EC0-301F-11D3-BF4B-00C04F79EFBC}") = "1.ReverseNumbersWithStack", "ReverseNumbersWithStack\1.ReverseNumbersWithStack.csproj", "{D3437520-D59B-4FB1-9A99-2F477C2A654F}"
EndProject
Project("{FAE04EC0-301F-11D3-BF4B-00C04F79EFBC}") = "2.CalcSequenceWithQueue", "CalcSequenceWithQueue\2.CalcSequenceWithQueue.csproj", "{0483432B-6F6F-4BC6-AC21-E2A15F87956D}"
EndProject
Project("{FAE04EC0-301F-11D3-BF4B-00C04F79EFBC}") = "3.ArrayBasedStack", "ArrayBasedStack\3.ArrayBasedStack.csproj", "{26DEFF29-6588-4EE6-B679-F99FF48DBA48}"
EndProject
Project("{FAE04EC0-301F-11D3-BF4B-00C04F79EFBC}") = "4.ArrayBasedStackTests", "ArrayBasedStackTests\4.ArrayBasedStackTests.csproj", "{E6213707-4BEF-40FD-BF78-8D94B5C18CA7}"
EndProject
Project("{2150E333-8FDC-42A3-9474-1A3956D46DE8}") = "ArrayBasedStack", "ArrayBasedStack", "{99C4425C-D1D5-4A3D-94A3-6A8262C0BEBD}"
EndProject
Project("{2150E333-8FDC-42A3-9474-1A3956D46DE8}") = "LinkedStack", "LinkedStack", "{952A7D73-6112-4648-8634-AB540BC79A29}"
EndProject
Project("{FAE04EC0-301F-11D3-BF4B-00C04F79EFBC}") = "LinkedStack", "LinkedStack\LinkedStack.csproj", "{E41E8F33-1778-4930-A348-3319E89C5648}"
EndProject
Project("{FAE04EC0-301F-11D3-BF4B-00C04F79EFBC}") = "LinkedStack.Console", "LinkedStack.Console\LinkedStack.Console.csproj", "{43674C43-B9AC-4668-B0FE-E9F05C9DE340}"
EndProject
Project("{FAE04EC0-301F-11D3-BF4B-00C04F79EFBC}") = "LinkedStackTests", "LinkedStackTests\LinkedStackTests.csproj", "{4C15EE0F-A3BC-4A47-8630-32070730173D}"
EndProject
Project("{2150E333-8FDC-42A3-9474-1A3956D46DE8}") = "LinkedQueue", "LinkedQueue", "{FF5AA182-D663-47DF-973B-1ED7DD97E9D7}"
EndProject
Project("{FAE04EC0-301F-11D3-BF4B-00C04F79EFBC}") = "LinkedQueue", "LinkedQueue\LinkedQueue.csproj", "{4D9635FA-4C33-4555-BCCF-2B61E155EE96}"
EndProject
Project("{FAE04EC0-301F-11D3-BF4B-00C04F79EFBC}") = "LinkedQueue.Console", "LinkedQueue.Console\LinkedQueue.Console.csproj", "{5EA51693-F14E-4839-ACC6-692155DD7318}"
EndProject
Project("{FAE04EC0-301F-11D3-BF4B-00C04F79EFBC}") = "LinkedQueueTests", "LinkedQueueTests\LinkedQueueTests.csproj", "{4C9EA2AD-544E-49C0-B6DF-760DFC08C06A}"
EndProject
Project("{FAE04EC0-301F-11D3-BF4B-00C04F79EFBC}") = "9.SequenceNM", "SequenceNM\9.SequenceNM.csproj", "{C53FBADA-A4EE-4070-A39E-5B0EE4991FB8}"
EndProject
Global
	GlobalSection(SolutionConfigurationPlatforms) = preSolution
		Debug|Any CPU = Debug|Any CPU
		Release|Any CPU = Release|Any CPU
	EndGlobalSection
	GlobalSection(ProjectConfigurationPlatforms) = postSolution
		{D3437520-D59B-4FB1-9A99-2F477C2A654F}.Debug|Any CPU.ActiveCfg = Debug|Any CPU
		{D3437520-D59B-4FB1-9A99-2F477C2A654F}.Debug|Any CPU.Build.0 = Debug|Any CPU
		{D3437520-D59B-4FB1-9A99-2F477C2A654F}.Release|Any CPU.ActiveCfg = Release|Any CPU
		{D3437520-D59B-4FB1-9A99-2F477C2A654F}.Release|Any CPU.Build.0 = Release|Any CPU
		{0483432B-6F6F-4BC6-AC21-E2A15F87956D}.Debug|Any CPU.ActiveCfg = Debug|Any CPU
		{0483432B-6F6F-4BC6-AC21-E2A15F87956D}.Debug|Any CPU.Build.0 = Debug|Any CPU
		{0483432B-6F6F-4BC6-AC21-E2A15F87956D}.Release|Any CPU.ActiveCfg = Release|Any CPU
		{0483432B-6F6F-4BC6-AC21-E2A15F87956D}.Release|Any CPU.Build.0 = Release|Any CPU
		{26DEFF29-6588-4EE6-B679-F99FF48DBA48}.Debug|Any CPU.ActiveCfg = Debug|Any CPU
		{26DEFF29-6588-4EE6-B679-F99FF48DBA48}.Debug|Any CPU.Build.0 = Debug|Any CPU
		{26DEFF29-6588-4EE6-B679-F99FF48DBA48}.Release|Any CPU.ActiveCfg = Release|Any CPU
		{26DEFF29-6588-4EE6-B679-F99FF48DBA48}.Release|Any CPU.Build.0 = Release|Any CPU
		{E6213707-4BEF-40FD-BF78-8D94B5C18CA7}.Debug|Any CPU.ActiveCfg = Debug|Any CPU
		{E6213707-4BEF-40FD-BF78-8D94B5C18CA7}.Debug|Any CPU.Build.0 = Debug|Any CPU
		{E6213707-4BEF-40FD-BF78-8D94B5C18CA7}.Release|Any CPU.ActiveCfg = Release|Any CPU
		{E6213707-4BEF-40FD-BF78-8D94B5C18CA7}.Release|Any CPU.Build.0 = Release|Any CPU
		{E41E8F33-1778-4930-A348-3319E89C5648}.Debug|Any CPU.ActiveCfg = Debug|Any CPU
		{E41E8F33-1778-4930-A348-3319E89C5648}.Debug|Any CPU.Build.0 = Debug|Any CPU
		{E41E8F33-1778-4930-A348-3319E89C5648}.Release|Any CPU.ActiveCfg = Release|Any CPU
		{E41E8F33-1778-4930-A348-3319E89C5648}.Release|Any CPU.Build.0 = Release|Any CPU
		{43674C43-B9AC-4668-B0FE-E9F05C9DE340}.Debug|Any CPU.ActiveCfg = Debug|Any CPU
		{43674C43-B9AC-4668-B0FE-E9F05C9DE340}.Debug|Any CPU.Build.0 = Debug|Any CPU
		{43674C43-B9AC-4668-B0FE-E9F05C9DE340}.Release|Any CPU.ActiveCfg = Release|Any CPU
		{43674C43-B9AC-4668-B0FE-E9F05C9DE340}.Release|Any CPU.Build.0 = Release|Any CPU
		{4C15EE0F-A3BC-4A47-8630-32070730173D}.Debug|Any CPU.ActiveCfg = Debug|Any CPU
		{4C15EE0F-A3BC-4A47-8630-32070730173D}.Debug|Any CPU.Build.0 = Debug|Any CPU
		{4C15EE0F-A3BC-4A47-8630-32070730173D}.Release|Any CPU.ActiveCfg = Release|Any CPU
		{4C15EE0F-A3BC-4A47-8630-32070730173D}.Release|Any CPU.Build.0 = Release|Any CPU
		{4D9635FA-4C33-4555-BCCF-2B61E155EE96}.Debug|Any CPU.ActiveCfg = Debug|Any CPU
		{4D9635FA-4C33-4555-BCCF-2B61E155EE96}.Debug|Any CPU.Build.0 = Debug|Any CPU
		{4D9635FA-4C33-4555-BCCF-2B61E155EE96}.Release|Any CPU.ActiveCfg = Release|Any CPU
		{4D9635FA-4C33-4555-BCCF-2B61E155EE96}.Release|Any CPU.Build.0 = Release|Any CPU
		{5EA51693-F14E-4839-ACC6-692155DD7318}.Debug|Any CPU.ActiveCfg = Debug|Any CPU
		{5EA51693-F14E-4839-ACC6-692155DD7318}.Debug|Any CPU.Build.0 = Debug|Any CPU
		{5EA51693-F14E-4839-ACC6-692155DD7318}.Release|Any CPU.ActiveCfg = Release|Any CPU
		{5EA51693-F14E-4839-ACC6-692155DD7318}.Release|Any CPU.Build.0 = Release|Any CPU
		{4C9EA2AD-544E-49C0-B6DF-760DFC08C06A}.Debug|Any CPU.ActiveCfg = Debug|Any CPU
		{4C9EA2AD-544E-49C0-B6DF-760DFC08C06A}.Debug|Any CPU.Build.0 = Debug|Any CPU
		{4C9EA2AD-544E-49C0-B6DF-760DFC08C06A}.Release|Any CPU.ActiveCfg = Release|Any CPU
		{4C9EA2AD-544E-49C0-B6DF-760DFC08C06A}.Release|Any CPU.Build.0 = Release|Any CPU
		{C53FBADA-A4EE-4070-A39E-5B0EE4991FB8}.Debug|Any CPU.ActiveCfg = Debug|Any CPU
		{C53FBADA-A4EE-4070-A39E-5B0EE4991FB8}.Debug|Any CPU.Build.0 = Debug|Any CPU
		{C53FBADA-A4EE-4070-A39E-5B0EE4991FB8}.Release|Any CPU.ActiveCfg = Release|Any CPU
		{C53FBADA-A4EE-4070-A39E-5B0EE4991FB8}.Release|Any CPU.Build.0 = Release|Any CPU
	EndGlobalSection
	GlobalSection(SolutionProperties) = preSolution
		HideSolutionNode = FALSE
	EndGlobalSection
	GlobalSection(NestedProjects) = preSolution
		{26DEFF29-6588-4EE6-B679-F99FF48DBA48} = {99C4425C-D1D5-4A3D-94A3-6A8262C0BEBD}
		{E6213707-4BEF-40FD-BF78-8D94B5C18CA7} = {99C4425C-D1D5-4A3D-94A3-6A8262C0BEBD}
		{E41E8F33-1778-4930-A348-3319E89C5648} = {952A7D73-6112-4648-8634-AB540BC79A29}
		{43674C43-B9AC-4668-B0FE-E9F05C9DE340} = {952A7D73-6112-4648-8634-AB540BC79A29}
		{4C15EE0F-A3BC-4A47-8630-32070730173D} = {952A7D73-6112-4648-8634-AB540BC79A29}
		{4D9635FA-4C33-4555-BCCF-2B61E155EE96} = {FF5AA182-D663-47DF-973B-1ED7DD97E9D7}
		{5EA51693-F14E-4839-ACC6-692155DD7318} = {FF5AA182-D663-47DF-973B-1ED7DD97E9D7}
		{4C9EA2AD-544E-49C0-B6DF-760DFC08C06A} = {FF5AA182-D663-47DF-973B-1ED7DD97E9D7}
	EndGlobalSection
EndGlobal
