
Microsoft Visual Studio Solution File, Format Version 12.00
# Visual Studio 2012
Project("{FAE04EC0-301F-11D3-BF4B-00C04F79EFBC}") = "GalacticGPS", "GalacticGPS\GalacticGPS.csproj", "{BA065387-1097-46B6-A69A-E1C3F473CD0E}"
EndProject
Project("{FAE04EC0-301F-11D3-BF4B-00C04F79EFBC}") = "FractionCalculator", "FractionCalculator\FractionCalculator.csproj", "{C0B4816C-A9F9-4B72-A630-93E9DC13F25B}"
EndProject
Project("{FAE04EC0-301F-11D3-BF4B-00C04F79EFBC}") = "GenericList", "GenericList\GenericList.csproj", "{26A1DF24-9265-4954-A3FB-F09DF2B5AA07}"
EndProject
Project("{FAE04EC0-301F-11D3-BF4B-00C04F79EFBC}") = "WordDocumentGenerator", "WordDocumentGenerator\WordDocumentGenerator.csproj", "{851BFCDD-9213-466D-BF5C-09AFA5C1E4E1}"
EndProject
Global
	GlobalSection(SolutionConfigurationPlatforms) = preSolution
		Debug|Any CPU = Debug|Any CPU
		Release|Any CPU = Release|Any CPU
	EndGlobalSection
	GlobalSection(ProjectConfigurationPlatforms) = postSolution
		{BA065387-1097-46B6-A69A-E1C3F473CD0E}.Debug|Any CPU.ActiveCfg = Debug|Any CPU
		{BA065387-1097-46B6-A69A-E1C3F473CD0E}.Debug|Any CPU.Build.0 = Debug|Any CPU
		{BA065387-1097-46B6-A69A-E1C3F473CD0E}.Release|Any CPU.ActiveCfg = Release|Any CPU
		{BA065387-1097-46B6-A69A-E1C3F473CD0E}.Release|Any CPU.Build.0 = Release|Any CPU
		{C0B4816C-A9F9-4B72-A630-93E9DC13F25B}.Debug|Any CPU.ActiveCfg = Debug|Any CPU
		{C0B4816C-A9F9-4B72-A630-93E9DC13F25B}.Debug|Any CPU.Build.0 = Debug|Any CPU
		{C0B4816C-A9F9-4B72-A630-93E9DC13F25B}.Release|Any CPU.ActiveCfg = Release|Any CPU
		{C0B4816C-A9F9-4B72-A630-93E9DC13F25B}.Release|Any CPU.Build.0 = Release|Any CPU
		{26A1DF24-9265-4954-A3FB-F09DF2B5AA07}.Debug|Any CPU.ActiveCfg = Debug|Any CPU
		{26A1DF24-9265-4954-A3FB-F09DF2B5AA07}.Debug|Any CPU.Build.0 = Debug|Any CPU
		{26A1DF24-9265-4954-A3FB-F09DF2B5AA07}.Release|Any CPU.ActiveCfg = Release|Any CPU
		{26A1DF24-9265-4954-A3FB-F09DF2B5AA07}.Release|Any CPU.Build.0 = Release|Any CPU
		{851BFCDD-9213-466D-BF5C-09AFA5C1E4E1}.Debug|Any CPU.ActiveCfg = Debug|Any CPU
		{851BFCDD-9213-466D-BF5C-09AFA5C1E4E1}.Debug|Any CPU.Build.0 = Debug|Any CPU
		{851BFCDD-9213-466D-BF5C-09AFA5C1E4E1}.Release|Any CPU.ActiveCfg = Release|Any CPU
		{851BFCDD-9213-466D-BF5C-09AFA5C1E4E1}.Release|Any CPU.Build.0 = Release|Any CPU
	EndGlobalSection
	GlobalSection(SolutionProperties) = preSolution
		HideSolutionNode = FALSE
	EndGlobalSection
EndGlobal
