
Microsoft Visual Studio Solution File, Format Version 12.00
# Visual Studio 2013
VisualStudioVersion = 12.0.21005.1
MinimumVisualStudioVersion = 10.0.40219.1
Project("{FAE04EC0-301F-11D3-BF4B-00C04F79EFBC}") = "6.ListAllContactsPhonesAndEmails", "ListAllContactsPhonesAndEmails\6.ListAllContactsPhonesAndEmails.csproj", "{1588B3FC-91EA-453A-8C23-4DA5E274D3FB}"
EndProject
Project("{FAE04EC0-301F-11D3-BF4B-00C04F79EFBC}") = "7.ImportContactsJson", "ImportContactsJson\7.ImportContactsJson.csproj", "{80844F92-6028-43D0-B05E-F138C9FBF689}"
EndProject
Global
	GlobalSection(SolutionConfigurationPlatforms) = preSolution
		Debug|Any CPU = Debug|Any CPU
		Release|Any CPU = Release|Any CPU
	EndGlobalSection
	GlobalSection(ProjectConfigurationPlatforms) = postSolution
		{1588B3FC-91EA-453A-8C23-4DA5E274D3FB}.Debug|Any CPU.ActiveCfg = Debug|Any CPU
		{1588B3FC-91EA-453A-8C23-4DA5E274D3FB}.Debug|Any CPU.Build.0 = Debug|Any CPU
		{1588B3FC-91EA-453A-8C23-4DA5E274D3FB}.Release|Any CPU.ActiveCfg = Release|Any CPU
		{1588B3FC-91EA-453A-8C23-4DA5E274D3FB}.Release|Any CPU.Build.0 = Release|Any CPU
		{80844F92-6028-43D0-B05E-F138C9FBF689}.Debug|Any CPU.ActiveCfg = Debug|Any CPU
		{80844F92-6028-43D0-B05E-F138C9FBF689}.Debug|Any CPU.Build.0 = Debug|Any CPU
		{80844F92-6028-43D0-B05E-F138C9FBF689}.Release|Any CPU.ActiveCfg = Release|Any CPU
		{80844F92-6028-43D0-B05E-F138C9FBF689}.Release|Any CPU.Build.0 = Release|Any CPU
	EndGlobalSection
	GlobalSection(SolutionProperties) = preSolution
		HideSolutionNode = FALSE
	EndGlobalSection
EndGlobal
