
Microsoft Visual Studio Solution File, Format Version 12.00
# Visual Studio 2013
VisualStudioVersion = 12.0.31101.0
MinimumVisualStudioVersion = 10.0.40219.1
Project("{FAE04EC0-301F-11D3-BF4B-00C04F79EFBC}") = "AATree", "AATree\AATree.csproj", "{A1E07A64-460A-414A-B629-661B4374DEEA}"
EndProject
Project("{FAE04EC0-301F-11D3-BF4B-00C04F79EFBC}") = "IntervalTree", "IntervalTree\IntervalTree.csproj", "{0C9463E5-FAA3-4B9F-A722-388C5EBE566D}"
EndProject
Global
	GlobalSection(SolutionConfigurationPlatforms) = preSolution
		Debug|Any CPU = Debug|Any CPU
		Release|Any CPU = Release|Any CPU
	EndGlobalSection
	GlobalSection(ProjectConfigurationPlatforms) = postSolution
		{A1E07A64-460A-414A-B629-661B4374DEEA}.Debug|Any CPU.ActiveCfg = Debug|Any CPU
		{A1E07A64-460A-414A-B629-661B4374DEEA}.Debug|Any CPU.Build.0 = Debug|Any CPU
		{A1E07A64-460A-414A-B629-661B4374DEEA}.Release|Any CPU.ActiveCfg = Release|Any CPU
		{A1E07A64-460A-414A-B629-661B4374DEEA}.Release|Any CPU.Build.0 = Release|Any CPU
		{0C9463E5-FAA3-4B9F-A722-388C5EBE566D}.Debug|Any CPU.ActiveCfg = Debug|Any CPU
		{0C9463E5-FAA3-4B9F-A722-388C5EBE566D}.Debug|Any CPU.Build.0 = Debug|Any CPU
		{0C9463E5-FAA3-4B9F-A722-388C5EBE566D}.Release|Any CPU.ActiveCfg = Release|Any CPU
		{0C9463E5-FAA3-4B9F-A722-388C5EBE566D}.Release|Any CPU.Build.0 = Release|Any CPU
	EndGlobalSection
	GlobalSection(SolutionProperties) = preSolution
		HideSolutionNode = FALSE
	EndGlobalSection
EndGlobal
