
Microsoft Visual Studio Solution File, Format Version 12.00
# Visual Studio 2013
VisualStudioVersion = 12.0.31101.0
MinimumVisualStudioVersion = 10.0.40219.1
Project("{FAE04EC0-301F-11D3-BF4B-00C04F79EFBC}") = "BlogSystem.Data", "BlogSystem.Data\BlogSystem.Data.csproj", "{461E920A-622D-4A4E-A499-70B3BE0257D8}"
EndProject
Project("{FAE04EC0-301F-11D3-BF4B-00C04F79EFBC}") = "BlogSystem.Models", "BlogSystem.Models\BlogSystem.Models.csproj", "{EA373B32-FEC7-4724-A89E-0D0850B9E7E6}"
EndProject
Project("{FAE04EC0-301F-11D3-BF4B-00C04F79EFBC}") = "BlogSystem.Web", "BlogSystem.Web\BlogSystem.Web.csproj", "{D2300C92-953F-41A4-B0B8-A407DAEFA4F1}"
EndProject
Global
	GlobalSection(SolutionConfigurationPlatforms) = preSolution
		Debug|Any CPU = Debug|Any CPU
		Release|Any CPU = Release|Any CPU
	EndGlobalSection
	GlobalSection(ProjectConfigurationPlatforms) = postSolution
		{461E920A-622D-4A4E-A499-70B3BE0257D8}.Debug|Any CPU.ActiveCfg = Debug|Any CPU
		{461E920A-622D-4A4E-A499-70B3BE0257D8}.Debug|Any CPU.Build.0 = Debug|Any CPU
		{461E920A-622D-4A4E-A499-70B3BE0257D8}.Release|Any CPU.ActiveCfg = Release|Any CPU
		{461E920A-622D-4A4E-A499-70B3BE0257D8}.Release|Any CPU.Build.0 = Release|Any CPU
		{EA373B32-FEC7-4724-A89E-0D0850B9E7E6}.Debug|Any CPU.ActiveCfg = Debug|Any CPU
		{EA373B32-FEC7-4724-A89E-0D0850B9E7E6}.Debug|Any CPU.Build.0 = Debug|Any CPU
		{EA373B32-FEC7-4724-A89E-0D0850B9E7E6}.Release|Any CPU.ActiveCfg = Release|Any CPU
		{EA373B32-FEC7-4724-A89E-0D0850B9E7E6}.Release|Any CPU.Build.0 = Release|Any CPU
		{D2300C92-953F-41A4-B0B8-A407DAEFA4F1}.Debug|Any CPU.ActiveCfg = Debug|Any CPU
		{D2300C92-953F-41A4-B0B8-A407DAEFA4F1}.Debug|Any CPU.Build.0 = Debug|Any CPU
		{D2300C92-953F-41A4-B0B8-A407DAEFA4F1}.Release|Any CPU.ActiveCfg = Release|Any CPU
		{D2300C92-953F-41A4-B0B8-A407DAEFA4F1}.Release|Any CPU.Build.0 = Release|Any CPU
	EndGlobalSection
	GlobalSection(SolutionProperties) = preSolution
		HideSolutionNode = FALSE
	EndGlobalSection
EndGlobal
